
Microsoft Visual Studio Solution File, Format Version 12.00
# Visual Studio Version 17
VisualStudioVersion = 17.14.36017.23
MinimumVisualStudioVersion = 10.0.40219.1
Project("{2150E333-8FDC-42A3-9474-1A3956D46DE8}") = "src", "src", "{827E0CD3-B72D-47B6-A68D-7590B98EB39B}"
EndProject
Project("{FAE04EC0-301F-11D3-BF4B-00C04F79EFBC}") = "InsolTech.TaskManager.Api", "src\InsolTech.TaskManager.Api\InsolTech.TaskManager.Api.csproj", "{3FF34C18-CBD3-4BF4-A109-682536B14F3E}"
EndProject
Project("{FAE04EC0-301F-11D3-BF4B-00C04F79EFBC}") = "InsolTech.TaskManager.Application", "src\InsolTech.TaskManager.Application\InsolTech.TaskManager.Application.csproj", "{AADC7218-DDF1-4611-894D-5A5E216C006F}"
EndProject
Project("{FAE04EC0-301F-11D3-BF4B-00C04F79EFBC}") = "InsolTech.TaskManager.Domain", "src\InsolTech.TaskManager.Domain\InsolTech.TaskManager.Domain.csproj", "{D02D1BA0-4A06-4AF1-B714-A48FC231E2E4}"
EndProject
Project("{FAE04EC0-301F-11D3-BF4B-00C04F79EFBC}") = "InsolTech.TaskManager.Infrastructure", "src\InsolTech.TaskManager.Infrastructure\InsolTech.TaskManager.Infrastructure.csproj", "{C5807658-4546-48D7-AD7E-BA936DB1D531}"
EndProject
Global
	GlobalSection(SolutionConfigurationPlatforms) = preSolution
		Debug|Any CPU = Debug|Any CPU
		Debug|x64 = Debug|x64
		Debug|x86 = Debug|x86
		Release|Any CPU = Release|Any CPU
		Release|x64 = Release|x64
		Release|x86 = Release|x86
	EndGlobalSection
	GlobalSection(ProjectConfigurationPlatforms) = postSolution
		{3FF34C18-CBD3-4BF4-A109-682536B14F3E}.Debug|Any CPU.ActiveCfg = Debug|Any CPU
		{3FF34C18-CBD3-4BF4-A109-682536B14F3E}.Debug|Any CPU.Build.0 = Debug|Any CPU
		{3FF34C18-CBD3-4BF4-A109-682536B14F3E}.Debug|x64.ActiveCfg = Debug|Any CPU
		{3FF34C18-CBD3-4BF4-A109-682536B14F3E}.Debug|x64.Build.0 = Debug|Any CPU
		{3FF34C18-CBD3-4BF4-A109-682536B14F3E}.Debug|x86.ActiveCfg = Debug|Any CPU
		{3FF34C18-CBD3-4BF4-A109-682536B14F3E}.Debug|x86.Build.0 = Debug|Any CPU
		{3FF34C18-CBD3-4BF4-A109-682536B14F3E}.Release|Any CPU.ActiveCfg = Release|Any CPU
		{3FF34C18-CBD3-4BF4-A109-682536B14F3E}.Release|Any CPU.Build.0 = Release|Any CPU
		{3FF34C18-CBD3-4BF4-A109-682536B14F3E}.Release|x64.ActiveCfg = Release|Any CPU
		{3FF34C18-CBD3-4BF4-A109-682536B14F3E}.Release|x64.Build.0 = Release|Any CPU
		{3FF34C18-CBD3-4BF4-A109-682536B14F3E}.Release|x86.ActiveCfg = Release|Any CPU
		{3FF34C18-CBD3-4BF4-A109-682536B14F3E}.Release|x86.Build.0 = Release|Any CPU
		{AADC7218-DDF1-4611-894D-5A5E216C006F}.Debug|Any CPU.ActiveCfg = Debug|Any CPU
		{AADC7218-DDF1-4611-894D-5A5E216C006F}.Debug|Any CPU.Build.0 = Debug|Any CPU
		{AADC7218-DDF1-4611-894D-5A5E216C006F}.Debug|x64.ActiveCfg = Debug|Any CPU
		{AADC7218-DDF1-4611-894D-5A5E216C006F}.Debug|x64.Build.0 = Debug|Any CPU
		{AADC7218-DDF1-4611-894D-5A5E216C006F}.Debug|x86.ActiveCfg = Debug|Any CPU
		{AADC7218-DDF1-4611-894D-5A5E216C006F}.Debug|x86.Build.0 = Debug|Any CPU
		{AADC7218-DDF1-4611-894D-5A5E216C006F}.Release|Any CPU.ActiveCfg = Release|Any CPU
		{AADC7218-DDF1-4611-894D-5A5E216C006F}.Release|Any CPU.Build.0 = Release|Any CPU
		{AADC7218-DDF1-4611-894D-5A5E216C006F}.Release|x64.ActiveCfg = Release|Any CPU
		{AADC7218-DDF1-4611-894D-5A5E216C006F}.Release|x64.Build.0 = Release|Any CPU
		{AADC7218-DDF1-4611-894D-5A5E216C006F}.Release|x86.ActiveCfg = Release|Any CPU
		{AADC7218-DDF1-4611-894D-5A5E216C006F}.Release|x86.Build.0 = Release|Any CPU
		{D02D1BA0-4A06-4AF1-B714-A48FC231E2E4}.Debug|Any CPU.ActiveCfg = Debug|Any CPU
		{D02D1BA0-4A06-4AF1-B714-A48FC231E2E4}.Debug|Any CPU.Build.0 = Debug|Any CPU
		{D02D1BA0-4A06-4AF1-B714-A48FC231E2E4}.Debug|x64.ActiveCfg = Debug|Any CPU
		{D02D1BA0-4A06-4AF1-B714-A48FC231E2E4}.Debug|x64.Build.0 = Debug|Any CPU
		{D02D1BA0-4A06-4AF1-B714-A48FC231E2E4}.Debug|x86.ActiveCfg = Debug|Any CPU
		{D02D1BA0-4A06-4AF1-B714-A48FC231E2E4}.Debug|x86.Build.0 = Debug|Any CPU
		{D02D1BA0-4A06-4AF1-B714-A48FC231E2E4}.Release|Any CPU.ActiveCfg = Release|Any CPU
		{D02D1BA0-4A06-4AF1-B714-A48FC231E2E4}.Release|Any CPU.Build.0 = Release|Any CPU
		{D02D1BA0-4A06-4AF1-B714-A48FC231E2E4}.Release|x64.ActiveCfg = Release|Any CPU
		{D02D1BA0-4A06-4AF1-B714-A48FC231E2E4}.Release|x64.Build.0 = Release|Any CPU
		{D02D1BA0-4A06-4AF1-B714-A48FC231E2E4}.Release|x86.ActiveCfg = Release|Any CPU
		{D02D1BA0-4A06-4AF1-B714-A48FC231E2E4}.Release|x86.Build.0 = Release|Any CPU
		{C5807658-4546-48D7-AD7E-BA936DB1D531}.Debug|Any CPU.ActiveCfg = Debug|Any CPU
		{C5807658-4546-48D7-AD7E-BA936DB1D531}.Debug|Any CPU.Build.0 = Debug|Any CPU
		{C5807658-4546-48D7-AD7E-BA936DB1D531}.Debug|x64.ActiveCfg = Debug|Any CPU
		{C5807658-4546-48D7-AD7E-BA936DB1D531}.Debug|x64.Build.0 = Debug|Any CPU
		{C5807658-4546-48D7-AD7E-BA936DB1D531}.Debug|x86.ActiveCfg = Debug|Any CPU
		{C5807658-4546-48D7-AD7E-BA936DB1D531}.Debug|x86.Build.0 = Debug|Any CPU
		{C5807658-4546-48D7-AD7E-BA936DB1D531}.Release|Any CPU.ActiveCfg = Release|Any CPU
		{C5807658-4546-48D7-AD7E-BA936DB1D531}.Release|Any CPU.Build.0 = Release|Any CPU
		{C5807658-4546-48D7-AD7E-BA936DB1D531}.Release|x64.ActiveCfg = Release|Any CPU
		{C5807658-4546-48D7-AD7E-BA936DB1D531}.Release|x64.Build.0 = Release|Any CPU
		{C5807658-4546-48D7-AD7E-BA936DB1D531}.Release|x86.ActiveCfg = Release|Any CPU
		{C5807658-4546-48D7-AD7E-BA936DB1D531}.Release|x86.Build.0 = Release|Any CPU
	EndGlobalSection
	GlobalSection(SolutionProperties) = preSolution
		HideSolutionNode = FALSE
	EndGlobalSection
	GlobalSection(NestedProjects) = preSolution
		{3FF34C18-CBD3-4BF4-A109-682536B14F3E} = {827E0CD3-B72D-47B6-A68D-7590B98EB39B}
		{AADC7218-DDF1-4611-894D-5A5E216C006F} = {827E0CD3-B72D-47B6-A68D-7590B98EB39B}
		{D02D1BA0-4A06-4AF1-B714-A48FC231E2E4} = {827E0CD3-B72D-47B6-A68D-7590B98EB39B}
		{C5807658-4546-48D7-AD7E-BA936DB1D531} = {827E0CD3-B72D-47B6-A68D-7590B98EB39B}
	EndGlobalSection
	GlobalSection(ExtensibilityGlobals) = postSolution
		SolutionGuid = {1E445E46-BB7C-482D-A8B8-C9ACF47F1909}
	EndGlobalSection
EndGlobal
